
Microsoft Visual Studio Solution File, Format Version 12.00
# Visual Studio Version 17
VisualStudioVersion = 17.8.34511.84
MinimumVisualStudioVersion = 10.0.40219.1
Project("{FAE04EC0-301F-11D3-BF4B-00C04F79EFBC}") = "რიცხვის გამოცნობა", "რიცხვის გამოცნობა\რიცხვის გამოცნობა.csproj", "{27D0C702-4709-45F4-BB1B-536441535C86}"
EndProject
Global
	GlobalSection(SolutionConfigurationPlatforms) = preSolution
		Debug|Any CPU = Debug|Any CPU
		Release|Any CPU = Release|Any CPU
	EndGlobalSection
	GlobalSection(ProjectConfigurationPlatforms) = postSolution
		{27D0C702-4709-45F4-BB1B-536441535C86}.Debug|Any CPU.ActiveCfg = Debug|Any CPU
		{27D0C702-4709-45F4-BB1B-536441535C86}.Debug|Any CPU.Build.0 = Debug|Any CPU
		{27D0C702-4709-45F4-BB1B-536441535C86}.Release|Any CPU.ActiveCfg = Release|Any CPU
		{27D0C702-4709-45F4-BB1B-536441535C86}.Release|Any CPU.Build.0 = Release|Any CPU
	EndGlobalSection
	GlobalSection(SolutionProperties) = preSolution
		HideSolutionNode = FALSE
	EndGlobalSection
	GlobalSection(ExtensibilityGlobals) = postSolution
		SolutionGuid = {0213FE49-89E2-4317-AA9E-A3E948ED885C}
	EndGlobalSection
EndGlobal
